
Microsoft Visual Studio Solution File, Format Version 12.00
# Visual Studio 15
VisualStudioVersion = 15.0.26430.12
MinimumVisualStudioVersion = 10.0.40219.1
Project("{FAE04EC0-301F-11D3-BF4B-00C04F79EFBC}") = "MedQC.Frame", "MedQCSys\MedQC.Frame.csproj", "{1281F60E-A8BD-4FEE-9300-E6D90DBC56E8}"
EndProject
Project("{FAE04EC0-301F-11D3-BF4B-00C04F79EFBC}") = "MedQC.CheckPoint", "MedQC.CheckPoint\MedQC.CheckPoint.csproj", "{E50FDB80-74EF-48D7-9529-71A13EC814C8}"
EndProject
Project("{FAE04EC0-301F-11D3-BF4B-00C04F79EFBC}") = "MedQC.TimeCheck", "MedQC.TimeCheckGener\MedQC.TimeCheck.csproj", "{F182FE38-D9D1-4508-B305-16DA39325646}"
EndProject
Project("{FAE04EC0-301F-11D3-BF4B-00C04F79EFBC}") = "MedQC.Upgrade", "MedQC.Upgrade\MedQC.Upgrade.csproj", "{3D025D48-2A5B-4EB8-AB3C-FFBC917E1A7E}"
EndProject
Project("{FAE04EC0-301F-11D3-BF4B-00C04F79EFBC}") = "MedQC.DAL", "EMRDBLib\MedQC.DAL.csproj", "{B84CC211-4F0B-4DBC-9AC9-991E55933745}"
EndProject
Project("{FAE04EC0-301F-11D3-BF4B-00C04F79EFBC}") = "MedQC.QCEngine", "QCEngine\MedQC.QCEngine.csproj", "{1D8FA739-12D7-4C09-9927-B28CCB31D9DC}"
EndProject
Project("{FAE04EC0-301F-11D3-BF4B-00C04F79EFBC}") = "MedQC.Designers", "ReportDesigners\MedQC.Designers.csproj", "{946AF213-3D3D-42DA-A2BF-ED964CEF0D5F}"
EndProject
Project("{FAE04EC0-301F-11D3-BF4B-00C04F79EFBC}") = "MedQC.ChatClient", "MedQC.ChatClient\MedQC.ChatClient.csproj", "{2931522D-301D-455F-8914-DB0B308D4730}"
EndProject
Project("{FAE04EC0-301F-11D3-BF4B-00C04F79EFBC}") = "MedQC.ChatServer", "MedQC.ChatServer\MedQC.ChatServer.csproj", "{C223433E-0BA4-4A8E-B6D3-C2C9CB26C4AB}"
EndProject
Project("{FAE04EC0-301F-11D3-BF4B-00C04F79EFBC}") = "MedQC.Server", "Quartz.Server\MedQC.Server.csproj", "{09082B9A-906C-4A17-A2E5-6C947DAC7C85}"
EndProject
Project("{FAE04EC0-301F-11D3-BF4B-00C04F79EFBC}") = "MedQC.Utilities", "MedQC.Utilities\MedQC.Utilities.csproj", "{1C3E0F8C-8B38-4DFD-B789-ED3DD45C6A37}"
EndProject
Project("{FAE04EC0-301F-11D3-BF4B-00C04F79EFBC}") = "MedQC.DbConfig", "MedQC.DbConfig\MedQC.DbConfig.csproj", "{7F98C310-B602-4654-9FB0-F4DB4A9AB25C}"
EndProject
Project("{FAE04EC0-301F-11D3-BF4B-00C04F79EFBC}") = "MedQC.Model", "MedQC.Model\MedQC.Model.csproj", "{B98DABD0-AB92-4876-8EB1-BA5032061CF6}"
EndProject
Project("{FAE04EC0-301F-11D3-BF4B-00C04F79EFBC}") = "MedQC.Const", "MedQC.Const\MedQC.Const.csproj", "{A000F560-D5B6-4BD9-8566-348376DCCD5F}"
EndProject
Project("{FAE04EC0-301F-11D3-BF4B-00C04F79EFBC}") = "MedQC.Startup", "MedQC.Startup\MedQC.Startup.csproj", "{3C354F66-29ED-4A2E-A919-3AD1CC9F2D9E}"
EndProject
Project("{FAE04EC0-301F-11D3-BF4B-00C04F79EFBC}") = "MedQC.Core", "MedQC.Core\MedQC.Core.csproj", "{1BFC8232-0B92-4928-96ED-C0CB701B9C0B}"
EndProject
Project("{FAE04EC0-301F-11D3-BF4B-00C04F79EFBC}") = "MedQC.Hdp", "MedQC.Hdp\MedQC.Hdp.csproj", "{14213CA7-E100-4142-A9C4-90036B0920DB}"
EndProject
Project("{FAE04EC0-301F-11D3-BF4B-00C04F79EFBC}") = "MedQC.HomePage", "MedQC.HomePage\MedQC.HomePage.csproj", "{5A17D577-89E6-43BA-947F-60535750D205}"
EndProject
Project("{FAE04EC0-301F-11D3-BF4B-00C04F79EFBC}") = "MedQC.Search", "MedQC.Search\MedQC.Search.csproj", "{5EDD6D96-15BB-4FCF-BDA2-D6226379981F}"
EndProject
Project("{FAE04EC0-301F-11D3-BF4B-00C04F79EFBC}") = "MedQC.Statistic", "MedQC.Statistic\MedQC.Statistic.csproj", "{791AC2E7-46BA-4C41-BF11-5B936CC78E31}"
EndProject
Project("{FAE04EC0-301F-11D3-BF4B-00C04F79EFBC}") = "MedQC.Maintenance", "MedQC.Maintenance\MedQC.Maintenance.csproj", "{3CDBCF51-6C67-4908-B3AD-ED2EFA8B9CBB}"
EndProject
Project("{FAE04EC0-301F-11D3-BF4B-00C04F79EFBC}") = "MedQC.Systems", "MedQC.System\MedQC.Systems.csproj", "{3655F694-C618-496E-9F7B-3AB0C4976A6D}"
EndProject
Project("{FAE04EC0-301F-11D3-BF4B-00C04F79EFBC}") = "MedQC.MedRecord", "MedQC.MedRecord\MedQC.MedRecord.csproj", "{862829E8-3B97-4EA5-B7DB-3113D14765FF}"
EndProject
Project("{FAE04EC0-301F-11D3-BF4B-00C04F79EFBC}") = "MedQC.Test", "MedQC.Test\MedQC.Test.csproj", "{3DDB4E8A-AB33-46B1-B883-A8EF1F89E252}"
EndProject
Project("{FAE04EC0-301F-11D3-BF4B-00C04F79EFBC}") = "MedQC.ScreenSnap", "MedQC.ScreenSnap\MedQC.ScreenSnap.csproj", "{E89ADD83-7A5E-407B-874D-C3BF1B48A61D}"
EndProject
Global
	GlobalSection(SolutionConfigurationPlatforms) = preSolution
		Debug|Any CPU = Debug|Any CPU
		Debug|Mixed Platforms = Debug|Mixed Platforms
		Debug|x86 = Debug|x86
		Release|Any CPU = Release|Any CPU
		Release|Mixed Platforms = Release|Mixed Platforms
		Release|x86 = Release|x86
	EndGlobalSection
	GlobalSection(ProjectConfigurationPlatforms) = postSolution
		{1281F60E-A8BD-4FEE-9300-E6D90DBC56E8}.Debug|Any CPU.ActiveCfg = Debug|Any CPU
		{1281F60E-A8BD-4FEE-9300-E6D90DBC56E8}.Debug|Any CPU.Build.0 = Debug|Any CPU
		{1281F60E-A8BD-4FEE-9300-E6D90DBC56E8}.Debug|Mixed Platforms.ActiveCfg = Debug|x86
		{1281F60E-A8BD-4FEE-9300-E6D90DBC56E8}.Debug|Mixed Platforms.Build.0 = Debug|x86
		{1281F60E-A8BD-4FEE-9300-E6D90DBC56E8}.Debug|x86.ActiveCfg = Debug|x86
		{1281F60E-A8BD-4FEE-9300-E6D90DBC56E8}.Debug|x86.Build.0 = Debug|x86
		{1281F60E-A8BD-4FEE-9300-E6D90DBC56E8}.Release|Any CPU.ActiveCfg = Release|Any CPU
		{1281F60E-A8BD-4FEE-9300-E6D90DBC56E8}.Release|Any CPU.Build.0 = Release|Any CPU
		{1281F60E-A8BD-4FEE-9300-E6D90DBC56E8}.Release|Mixed Platforms.ActiveCfg = Release|x86
		{1281F60E-A8BD-4FEE-9300-E6D90DBC56E8}.Release|Mixed Platforms.Build.0 = Release|x86
		{1281F60E-A8BD-4FEE-9300-E6D90DBC56E8}.Release|x86.ActiveCfg = Release|x86
		{1281F60E-A8BD-4FEE-9300-E6D90DBC56E8}.Release|x86.Build.0 = Release|x86
		{E50FDB80-74EF-48D7-9529-71A13EC814C8}.Debug|Any CPU.ActiveCfg = Debug|Any CPU
		{E50FDB80-74EF-48D7-9529-71A13EC814C8}.Debug|Any CPU.Build.0 = Debug|Any CPU
		{E50FDB80-74EF-48D7-9529-71A13EC814C8}.Debug|Mixed Platforms.ActiveCfg = Debug|x86
		{E50FDB80-74EF-48D7-9529-71A13EC814C8}.Debug|Mixed Platforms.Build.0 = Debug|x86
		{E50FDB80-74EF-48D7-9529-71A13EC814C8}.Debug|x86.ActiveCfg = Debug|x86
		{E50FDB80-74EF-48D7-9529-71A13EC814C8}.Debug|x86.Build.0 = Debug|x86
		{E50FDB80-74EF-48D7-9529-71A13EC814C8}.Release|Any CPU.ActiveCfg = Release|Any CPU
		{E50FDB80-74EF-48D7-9529-71A13EC814C8}.Release|Any CPU.Build.0 = Release|Any CPU
		{E50FDB80-74EF-48D7-9529-71A13EC814C8}.Release|Mixed Platforms.ActiveCfg = Release|x86
		{E50FDB80-74EF-48D7-9529-71A13EC814C8}.Release|Mixed Platforms.Build.0 = Release|x86
		{E50FDB80-74EF-48D7-9529-71A13EC814C8}.Release|x86.ActiveCfg = Release|x86
		{E50FDB80-74EF-48D7-9529-71A13EC814C8}.Release|x86.Build.0 = Release|x86
		{F182FE38-D9D1-4508-B305-16DA39325646}.Debug|Any CPU.ActiveCfg = Debug|Any CPU
		{F182FE38-D9D1-4508-B305-16DA39325646}.Debug|Any CPU.Build.0 = Debug|Any CPU
		{F182FE38-D9D1-4508-B305-16DA39325646}.Debug|Mixed Platforms.ActiveCfg = Debug|x86
		{F182FE38-D9D1-4508-B305-16DA39325646}.Debug|Mixed Platforms.Build.0 = Debug|x86
		{F182FE38-D9D1-4508-B305-16DA39325646}.Debug|x86.ActiveCfg = Debug|x86
		{F182FE38-D9D1-4508-B305-16DA39325646}.Debug|x86.Build.0 = Debug|x86
		{F182FE38-D9D1-4508-B305-16DA39325646}.Release|Any CPU.ActiveCfg = Release|Any CPU
		{F182FE38-D9D1-4508-B305-16DA39325646}.Release|Any CPU.Build.0 = Release|Any CPU
		{F182FE38-D9D1-4508-B305-16DA39325646}.Release|Mixed Platforms.ActiveCfg = Release|x86
		{F182FE38-D9D1-4508-B305-16DA39325646}.Release|Mixed Platforms.Build.0 = Release|x86
		{F182FE38-D9D1-4508-B305-16DA39325646}.Release|x86.ActiveCfg = Release|x86
		{F182FE38-D9D1-4508-B305-16DA39325646}.Release|x86.Build.0 = Release|x86
		{3D025D48-2A5B-4EB8-AB3C-FFBC917E1A7E}.Debug|Any CPU.ActiveCfg = Debug|Any CPU
		{3D025D48-2A5B-4EB8-AB3C-FFBC917E1A7E}.Debug|Any CPU.Build.0 = Debug|Any CPU
		{3D025D48-2A5B-4EB8-AB3C-FFBC917E1A7E}.Debug|Mixed Platforms.ActiveCfg = Debug|x86
		{3D025D48-2A5B-4EB8-AB3C-FFBC917E1A7E}.Debug|Mixed Platforms.Build.0 = Debug|x86
		{3D025D48-2A5B-4EB8-AB3C-FFBC917E1A7E}.Debug|x86.ActiveCfg = Debug|x86
		{3D025D48-2A5B-4EB8-AB3C-FFBC917E1A7E}.Debug|x86.Build.0 = Debug|x86
		{3D025D48-2A5B-4EB8-AB3C-FFBC917E1A7E}.Release|Any CPU.ActiveCfg = Release|Any CPU
		{3D025D48-2A5B-4EB8-AB3C-FFBC917E1A7E}.Release|Any CPU.Build.0 = Release|Any CPU
		{3D025D48-2A5B-4EB8-AB3C-FFBC917E1A7E}.Release|Mixed Platforms.ActiveCfg = Release|x86
		{3D025D48-2A5B-4EB8-AB3C-FFBC917E1A7E}.Release|Mixed Platforms.Build.0 = Release|x86
		{3D025D48-2A5B-4EB8-AB3C-FFBC917E1A7E}.Release|x86.ActiveCfg = Release|x86
		{3D025D48-2A5B-4EB8-AB3C-FFBC917E1A7E}.Release|x86.Build.0 = Release|x86
		{B84CC211-4F0B-4DBC-9AC9-991E55933745}.Debug|Any CPU.ActiveCfg = Debug|Any CPU
		{B84CC211-4F0B-4DBC-9AC9-991E55933745}.Debug|Any CPU.Build.0 = Debug|Any CPU
		{B84CC211-4F0B-4DBC-9AC9-991E55933745}.Debug|Mixed Platforms.ActiveCfg = Debug|x86
		{B84CC211-4F0B-4DBC-9AC9-991E55933745}.Debug|Mixed Platforms.Build.0 = Debug|x86
		{B84CC211-4F0B-4DBC-9AC9-991E55933745}.Debug|x86.ActiveCfg = Debug|x86
		{B84CC211-4F0B-4DBC-9AC9-991E55933745}.Debug|x86.Build.0 = Debug|x86
		{B84CC211-4F0B-4DBC-9AC9-991E55933745}.Release|Any CPU.ActiveCfg = Release|Any CPU
		{B84CC211-4F0B-4DBC-9AC9-991E55933745}.Release|Any CPU.Build.0 = Release|Any CPU
		{B84CC211-4F0B-4DBC-9AC9-991E55933745}.Release|Mixed Platforms.ActiveCfg = Release|x86
		{B84CC211-4F0B-4DBC-9AC9-991E55933745}.Release|Mixed Platforms.Build.0 = Release|x86
		{B84CC211-4F0B-4DBC-9AC9-991E55933745}.Release|x86.ActiveCfg = Release|x86
		{B84CC211-4F0B-4DBC-9AC9-991E55933745}.Release|x86.Build.0 = Release|x86
		{1D8FA739-12D7-4C09-9927-B28CCB31D9DC}.Debug|Any CPU.ActiveCfg = Debug|Any CPU
		{1D8FA739-12D7-4C09-9927-B28CCB31D9DC}.Debug|Any CPU.Build.0 = Debug|Any CPU
		{1D8FA739-12D7-4C09-9927-B28CCB31D9DC}.Debug|Mixed Platforms.ActiveCfg = Debug|x86
		{1D8FA739-12D7-4C09-9927-B28CCB31D9DC}.Debug|Mixed Platforms.Build.0 = Debug|x86
		{1D8FA739-12D7-4C09-9927-B28CCB31D9DC}.Debug|x86.ActiveCfg = Debug|x86
		{1D8FA739-12D7-4C09-9927-B28CCB31D9DC}.Debug|x86.Build.0 = Debug|x86
		{1D8FA739-12D7-4C09-9927-B28CCB31D9DC}.Release|Any CPU.ActiveCfg = Release|Any CPU
		{1D8FA739-12D7-4C09-9927-B28CCB31D9DC}.Release|Any CPU.Build.0 = Release|Any CPU
		{1D8FA739-12D7-4C09-9927-B28CCB31D9DC}.Release|Mixed Platforms.ActiveCfg = Release|x86
		{1D8FA739-12D7-4C09-9927-B28CCB31D9DC}.Release|Mixed Platforms.Build.0 = Release|x86
		{1D8FA739-12D7-4C09-9927-B28CCB31D9DC}.Release|x86.ActiveCfg = Release|x86
		{1D8FA739-12D7-4C09-9927-B28CCB31D9DC}.Release|x86.Build.0 = Release|x86
		{946AF213-3D3D-42DA-A2BF-ED964CEF0D5F}.Debug|Any CPU.ActiveCfg = Debug|Any CPU
		{946AF213-3D3D-42DA-A2BF-ED964CEF0D5F}.Debug|Any CPU.Build.0 = Debug|Any CPU
		{946AF213-3D3D-42DA-A2BF-ED964CEF0D5F}.Debug|Mixed Platforms.ActiveCfg = Debug|x86
		{946AF213-3D3D-42DA-A2BF-ED964CEF0D5F}.Debug|Mixed Platforms.Build.0 = Debug|x86
		{946AF213-3D3D-42DA-A2BF-ED964CEF0D5F}.Debug|x86.ActiveCfg = Debug|x86
		{946AF213-3D3D-42DA-A2BF-ED964CEF0D5F}.Debug|x86.Build.0 = Debug|x86
		{946AF213-3D3D-42DA-A2BF-ED964CEF0D5F}.Release|Any CPU.ActiveCfg = Release|Any CPU
		{946AF213-3D3D-42DA-A2BF-ED964CEF0D5F}.Release|Any CPU.Build.0 = Release|Any CPU
		{946AF213-3D3D-42DA-A2BF-ED964CEF0D5F}.Release|Mixed Platforms.ActiveCfg = Release|x86
		{946AF213-3D3D-42DA-A2BF-ED964CEF0D5F}.Release|Mixed Platforms.Build.0 = Release|x86
		{946AF213-3D3D-42DA-A2BF-ED964CEF0D5F}.Release|x86.ActiveCfg = Release|x86
		{946AF213-3D3D-42DA-A2BF-ED964CEF0D5F}.Release|x86.Build.0 = Release|x86
		{2931522D-301D-455F-8914-DB0B308D4730}.Debug|Any CPU.ActiveCfg = Debug|Any CPU
		{2931522D-301D-455F-8914-DB0B308D4730}.Debug|Any CPU.Build.0 = Debug|Any CPU
		{2931522D-301D-455F-8914-DB0B308D4730}.Debug|Mixed Platforms.ActiveCfg = Debug|x86
		{2931522D-301D-455F-8914-DB0B308D4730}.Debug|Mixed Platforms.Build.0 = Debug|x86
		{2931522D-301D-455F-8914-DB0B308D4730}.Debug|x86.ActiveCfg = Debug|x86
		{2931522D-301D-455F-8914-DB0B308D4730}.Debug|x86.Build.0 = Debug|x86
		{2931522D-301D-455F-8914-DB0B308D4730}.Release|Any CPU.ActiveCfg = Release|Any CPU
		{2931522D-301D-455F-8914-DB0B308D4730}.Release|Any CPU.Build.0 = Release|Any CPU
		{2931522D-301D-455F-8914-DB0B308D4730}.Release|Mixed Platforms.ActiveCfg = Release|x86
		{2931522D-301D-455F-8914-DB0B308D4730}.Release|Mixed Platforms.Build.0 = Release|x86
		{2931522D-301D-455F-8914-DB0B308D4730}.Release|x86.ActiveCfg = Release|x86
		{2931522D-301D-455F-8914-DB0B308D4730}.Release|x86.Build.0 = Release|x86
		{C223433E-0BA4-4A8E-B6D3-C2C9CB26C4AB}.Debug|Any CPU.ActiveCfg = Debug|Any CPU
		{C223433E-0BA4-4A8E-B6D3-C2C9CB26C4AB}.Debug|Any CPU.Build.0 = Debug|Any CPU
		{C223433E-0BA4-4A8E-B6D3-C2C9CB26C4AB}.Debug|Mixed Platforms.ActiveCfg = Debug|Any CPU
		{C223433E-0BA4-4A8E-B6D3-C2C9CB26C4AB}.Debug|Mixed Platforms.Build.0 = Debug|Any CPU
		{C223433E-0BA4-4A8E-B6D3-C2C9CB26C4AB}.Debug|x86.ActiveCfg = Debug|x86
		{C223433E-0BA4-4A8E-B6D3-C2C9CB26C4AB}.Debug|x86.Build.0 = Debug|x86
		{C223433E-0BA4-4A8E-B6D3-C2C9CB26C4AB}.Release|Any CPU.ActiveCfg = Release|Any CPU
		{C223433E-0BA4-4A8E-B6D3-C2C9CB26C4AB}.Release|Any CPU.Build.0 = Release|Any CPU
		{C223433E-0BA4-4A8E-B6D3-C2C9CB26C4AB}.Release|Mixed Platforms.ActiveCfg = Release|Any CPU
		{C223433E-0BA4-4A8E-B6D3-C2C9CB26C4AB}.Release|Mixed Platforms.Build.0 = Release|Any CPU
		{C223433E-0BA4-4A8E-B6D3-C2C9CB26C4AB}.Release|x86.ActiveCfg = Release|x86
		{C223433E-0BA4-4A8E-B6D3-C2C9CB26C4AB}.Release|x86.Build.0 = Release|x86
		{09082B9A-906C-4A17-A2E5-6C947DAC7C85}.Debug|Any CPU.ActiveCfg = Debug|Any CPU
		{09082B9A-906C-4A17-A2E5-6C947DAC7C85}.Debug|Any CPU.Build.0 = Debug|Any CPU
		{09082B9A-906C-4A17-A2E5-6C947DAC7C85}.Debug|Mixed Platforms.ActiveCfg = Debug|x86
		{09082B9A-906C-4A17-A2E5-6C947DAC7C85}.Debug|Mixed Platforms.Build.0 = Debug|x86
		{09082B9A-906C-4A17-A2E5-6C947DAC7C85}.Debug|x86.ActiveCfg = Debug|x86
		{09082B9A-906C-4A17-A2E5-6C947DAC7C85}.Debug|x86.Build.0 = Debug|x86
		{09082B9A-906C-4A17-A2E5-6C947DAC7C85}.Release|Any CPU.ActiveCfg = Release|Any CPU
		{09082B9A-906C-4A17-A2E5-6C947DAC7C85}.Release|Any CPU.Build.0 = Release|Any CPU
		{09082B9A-906C-4A17-A2E5-6C947DAC7C85}.Release|Mixed Platforms.ActiveCfg = Release|x86
		{09082B9A-906C-4A17-A2E5-6C947DAC7C85}.Release|Mixed Platforms.Build.0 = Release|x86
		{09082B9A-906C-4A17-A2E5-6C947DAC7C85}.Release|x86.ActiveCfg = Release|x86
		{09082B9A-906C-4A17-A2E5-6C947DAC7C85}.Release|x86.Build.0 = Release|x86
		{1C3E0F8C-8B38-4DFD-B789-ED3DD45C6A37}.Debug|Any CPU.ActiveCfg = Debug|Any CPU
		{1C3E0F8C-8B38-4DFD-B789-ED3DD45C6A37}.Debug|Any CPU.Build.0 = Debug|Any CPU
		{1C3E0F8C-8B38-4DFD-B789-ED3DD45C6A37}.Debug|Mixed Platforms.ActiveCfg = Debug|Any CPU
		{1C3E0F8C-8B38-4DFD-B789-ED3DD45C6A37}.Debug|Mixed Platforms.Build.0 = Debug|Any CPU
		{1C3E0F8C-8B38-4DFD-B789-ED3DD45C6A37}.Debug|x86.ActiveCfg = Debug|x86
		{1C3E0F8C-8B38-4DFD-B789-ED3DD45C6A37}.Debug|x86.Build.0 = Debug|x86
		{1C3E0F8C-8B38-4DFD-B789-ED3DD45C6A37}.Release|Any CPU.ActiveCfg = Release|Any CPU
		{1C3E0F8C-8B38-4DFD-B789-ED3DD45C6A37}.Release|Any CPU.Build.0 = Release|Any CPU
		{1C3E0F8C-8B38-4DFD-B789-ED3DD45C6A37}.Release|Mixed Platforms.ActiveCfg = Release|Any CPU
		{1C3E0F8C-8B38-4DFD-B789-ED3DD45C6A37}.Release|Mixed Platforms.Build.0 = Release|Any CPU
		{1C3E0F8C-8B38-4DFD-B789-ED3DD45C6A37}.Release|x86.ActiveCfg = Release|x86
		{1C3E0F8C-8B38-4DFD-B789-ED3DD45C6A37}.Release|x86.Build.0 = Release|x86
		{7F98C310-B602-4654-9FB0-F4DB4A9AB25C}.Debug|Any CPU.ActiveCfg = Debug|Any CPU
		{7F98C310-B602-4654-9FB0-F4DB4A9AB25C}.Debug|Any CPU.Build.0 = Debug|Any CPU
		{7F98C310-B602-4654-9FB0-F4DB4A9AB25C}.Debug|Mixed Platforms.ActiveCfg = Debug|x86
		{7F98C310-B602-4654-9FB0-F4DB4A9AB25C}.Debug|Mixed Platforms.Build.0 = Debug|x86
		{7F98C310-B602-4654-9FB0-F4DB4A9AB25C}.Debug|x86.ActiveCfg = Debug|x86
		{7F98C310-B602-4654-9FB0-F4DB4A9AB25C}.Debug|x86.Build.0 = Debug|x86
		{7F98C310-B602-4654-9FB0-F4DB4A9AB25C}.Release|Any CPU.ActiveCfg = Release|Any CPU
		{7F98C310-B602-4654-9FB0-F4DB4A9AB25C}.Release|Any CPU.Build.0 = Release|Any CPU
		{7F98C310-B602-4654-9FB0-F4DB4A9AB25C}.Release|Mixed Platforms.ActiveCfg = Release|x86
		{7F98C310-B602-4654-9FB0-F4DB4A9AB25C}.Release|Mixed Platforms.Build.0 = Release|x86
		{7F98C310-B602-4654-9FB0-F4DB4A9AB25C}.Release|x86.ActiveCfg = Release|x86
		{7F98C310-B602-4654-9FB0-F4DB4A9AB25C}.Release|x86.Build.0 = Release|x86
		{B98DABD0-AB92-4876-8EB1-BA5032061CF6}.Debug|Any CPU.ActiveCfg = Debug|Any CPU
		{B98DABD0-AB92-4876-8EB1-BA5032061CF6}.Debug|Any CPU.Build.0 = Debug|Any CPU
		{B98DABD0-AB92-4876-8EB1-BA5032061CF6}.Debug|Mixed Platforms.ActiveCfg = Debug|Any CPU
		{B98DABD0-AB92-4876-8EB1-BA5032061CF6}.Debug|Mixed Platforms.Build.0 = Debug|Any CPU
		{B98DABD0-AB92-4876-8EB1-BA5032061CF6}.Debug|x86.ActiveCfg = Debug|x86
		{B98DABD0-AB92-4876-8EB1-BA5032061CF6}.Debug|x86.Build.0 = Debug|x86
		{B98DABD0-AB92-4876-8EB1-BA5032061CF6}.Release|Any CPU.ActiveCfg = Release|Any CPU
		{B98DABD0-AB92-4876-8EB1-BA5032061CF6}.Release|Any CPU.Build.0 = Release|Any CPU
		{B98DABD0-AB92-4876-8EB1-BA5032061CF6}.Release|Mixed Platforms.ActiveCfg = Release|Any CPU
		{B98DABD0-AB92-4876-8EB1-BA5032061CF6}.Release|Mixed Platforms.Build.0 = Release|Any CPU
		{B98DABD0-AB92-4876-8EB1-BA5032061CF6}.Release|x86.ActiveCfg = Release|x86
		{B98DABD0-AB92-4876-8EB1-BA5032061CF6}.Release|x86.Build.0 = Release|x86
		{A000F560-D5B6-4BD9-8566-348376DCCD5F}.Debug|Any CPU.ActiveCfg = Debug|Any CPU
		{A000F560-D5B6-4BD9-8566-348376DCCD5F}.Debug|Any CPU.Build.0 = Debug|Any CPU
		{A000F560-D5B6-4BD9-8566-348376DCCD5F}.Debug|Mixed Platforms.ActiveCfg = Debug|Any CPU
		{A000F560-D5B6-4BD9-8566-348376DCCD5F}.Debug|Mixed Platforms.Build.0 = Debug|Any CPU
		{A000F560-D5B6-4BD9-8566-348376DCCD5F}.Debug|x86.ActiveCfg = Debug|x86
		{A000F560-D5B6-4BD9-8566-348376DCCD5F}.Debug|x86.Build.0 = Debug|x86
		{A000F560-D5B6-4BD9-8566-348376DCCD5F}.Release|Any CPU.ActiveCfg = Release|Any CPU
		{A000F560-D5B6-4BD9-8566-348376DCCD5F}.Release|Any CPU.Build.0 = Release|Any CPU
		{A000F560-D5B6-4BD9-8566-348376DCCD5F}.Release|Mixed Platforms.ActiveCfg = Release|Any CPU
		{A000F560-D5B6-4BD9-8566-348376DCCD5F}.Release|Mixed Platforms.Build.0 = Release|Any CPU
		{A000F560-D5B6-4BD9-8566-348376DCCD5F}.Release|x86.ActiveCfg = Release|x86
		{A000F560-D5B6-4BD9-8566-348376DCCD5F}.Release|x86.Build.0 = Release|x86
		{3C354F66-29ED-4A2E-A919-3AD1CC9F2D9E}.Debug|Any CPU.ActiveCfg = Debug|Any CPU
		{3C354F66-29ED-4A2E-A919-3AD1CC9F2D9E}.Debug|Any CPU.Build.0 = Debug|Any CPU
		{3C354F66-29ED-4A2E-A919-3AD1CC9F2D9E}.Debug|Mixed Platforms.ActiveCfg = Debug|Any CPU
		{3C354F66-29ED-4A2E-A919-3AD1CC9F2D9E}.Debug|Mixed Platforms.Build.0 = Debug|Any CPU
		{3C354F66-29ED-4A2E-A919-3AD1CC9F2D9E}.Debug|x86.ActiveCfg = Debug|x86
		{3C354F66-29ED-4A2E-A919-3AD1CC9F2D9E}.Debug|x86.Build.0 = Debug|x86
		{3C354F66-29ED-4A2E-A919-3AD1CC9F2D9E}.Release|Any CPU.ActiveCfg = Release|Any CPU
		{3C354F66-29ED-4A2E-A919-3AD1CC9F2D9E}.Release|Any CPU.Build.0 = Release|Any CPU
		{3C354F66-29ED-4A2E-A919-3AD1CC9F2D9E}.Release|Mixed Platforms.ActiveCfg = Release|Any CPU
		{3C354F66-29ED-4A2E-A919-3AD1CC9F2D9E}.Release|Mixed Platforms.Build.0 = Release|Any CPU
		{3C354F66-29ED-4A2E-A919-3AD1CC9F2D9E}.Release|x86.ActiveCfg = Release|x86
		{3C354F66-29ED-4A2E-A919-3AD1CC9F2D9E}.Release|x86.Build.0 = Release|x86
		{1BFC8232-0B92-4928-96ED-C0CB701B9C0B}.Debug|Any CPU.ActiveCfg = Debug|Any CPU
		{1BFC8232-0B92-4928-96ED-C0CB701B9C0B}.Debug|Any CPU.Build.0 = Debug|Any CPU
		{1BFC8232-0B92-4928-96ED-C0CB701B9C0B}.Debug|Mixed Platforms.ActiveCfg = Debug|Any CPU
		{1BFC8232-0B92-4928-96ED-C0CB701B9C0B}.Debug|Mixed Platforms.Build.0 = Debug|Any CPU
		{1BFC8232-0B92-4928-96ED-C0CB701B9C0B}.Debug|x86.ActiveCfg = Debug|x86
		{1BFC8232-0B92-4928-96ED-C0CB701B9C0B}.Debug|x86.Build.0 = Debug|x86
		{1BFC8232-0B92-4928-96ED-C0CB701B9C0B}.Release|Any CPU.ActiveCfg = Release|Any CPU
		{1BFC8232-0B92-4928-96ED-C0CB701B9C0B}.Release|Any CPU.Build.0 = Release|Any CPU
		{1BFC8232-0B92-4928-96ED-C0CB701B9C0B}.Release|Mixed Platforms.ActiveCfg = Release|Any CPU
		{1BFC8232-0B92-4928-96ED-C0CB701B9C0B}.Release|Mixed Platforms.Build.0 = Release|Any CPU
		{1BFC8232-0B92-4928-96ED-C0CB701B9C0B}.Release|x86.ActiveCfg = Release|x86
		{1BFC8232-0B92-4928-96ED-C0CB701B9C0B}.Release|x86.Build.0 = Release|x86
		{14213CA7-E100-4142-A9C4-90036B0920DB}.Debug|Any CPU.ActiveCfg = Debug|Any CPU
		{14213CA7-E100-4142-A9C4-90036B0920DB}.Debug|Any CPU.Build.0 = Debug|Any CPU
		{14213CA7-E100-4142-A9C4-90036B0920DB}.Debug|Mixed Platforms.ActiveCfg = Debug|Any CPU
		{14213CA7-E100-4142-A9C4-90036B0920DB}.Debug|Mixed Platforms.Build.0 = Debug|Any CPU
		{14213CA7-E100-4142-A9C4-90036B0920DB}.Debug|x86.ActiveCfg = Debug|x86
		{14213CA7-E100-4142-A9C4-90036B0920DB}.Debug|x86.Build.0 = Debug|x86
		{14213CA7-E100-4142-A9C4-90036B0920DB}.Release|Any CPU.ActiveCfg = Release|Any CPU
		{14213CA7-E100-4142-A9C4-90036B0920DB}.Release|Any CPU.Build.0 = Release|Any CPU
		{14213CA7-E100-4142-A9C4-90036B0920DB}.Release|Mixed Platforms.ActiveCfg = Release|Any CPU
		{14213CA7-E100-4142-A9C4-90036B0920DB}.Release|Mixed Platforms.Build.0 = Release|Any CPU
		{14213CA7-E100-4142-A9C4-90036B0920DB}.Release|x86.ActiveCfg = Release|x86
		{14213CA7-E100-4142-A9C4-90036B0920DB}.Release|x86.Build.0 = Release|x86
		{5A17D577-89E6-43BA-947F-60535750D205}.Debug|Any CPU.ActiveCfg = Debug|Any CPU
		{5A17D577-89E6-43BA-947F-60535750D205}.Debug|Any CPU.Build.0 = Debug|Any CPU
		{5A17D577-89E6-43BA-947F-60535750D205}.Debug|Mixed Platforms.ActiveCfg = Debug|x86
		{5A17D577-89E6-43BA-947F-60535750D205}.Debug|Mixed Platforms.Build.0 = Debug|x86
		{5A17D577-89E6-43BA-947F-60535750D205}.Debug|x86.ActiveCfg = Debug|x86
		{5A17D577-89E6-43BA-947F-60535750D205}.Debug|x86.Build.0 = Debug|x86
		{5A17D577-89E6-43BA-947F-60535750D205}.Release|Any CPU.ActiveCfg = Release|Any CPU
		{5A17D577-89E6-43BA-947F-60535750D205}.Release|Any CPU.Build.0 = Release|Any CPU
		{5A17D577-89E6-43BA-947F-60535750D205}.Release|Mixed Platforms.ActiveCfg = Release|x86
		{5A17D577-89E6-43BA-947F-60535750D205}.Release|Mixed Platforms.Build.0 = Release|x86
		{5A17D577-89E6-43BA-947F-60535750D205}.Release|x86.ActiveCfg = Release|x86
		{5A17D577-89E6-43BA-947F-60535750D205}.Release|x86.Build.0 = Release|x86
		{5EDD6D96-15BB-4FCF-BDA2-D6226379981F}.Debug|Any CPU.ActiveCfg = Debug|Any CPU
		{5EDD6D96-15BB-4FCF-BDA2-D6226379981F}.Debug|Any CPU.Build.0 = Debug|Any CPU
		{5EDD6D96-15BB-4FCF-BDA2-D6226379981F}.Debug|Mixed Platforms.ActiveCfg = Debug|x86
		{5EDD6D96-15BB-4FCF-BDA2-D6226379981F}.Debug|Mixed Platforms.Build.0 = Debug|x86
		{5EDD6D96-15BB-4FCF-BDA2-D6226379981F}.Debug|x86.ActiveCfg = Debug|x86
		{5EDD6D96-15BB-4FCF-BDA2-D6226379981F}.Debug|x86.Build.0 = Debug|x86
		{5EDD6D96-15BB-4FCF-BDA2-D6226379981F}.Release|Any CPU.ActiveCfg = Release|Any CPU
		{5EDD6D96-15BB-4FCF-BDA2-D6226379981F}.Release|Any CPU.Build.0 = Release|Any CPU
		{5EDD6D96-15BB-4FCF-BDA2-D6226379981F}.Release|Mixed Platforms.ActiveCfg = Release|x86
		{5EDD6D96-15BB-4FCF-BDA2-D6226379981F}.Release|Mixed Platforms.Build.0 = Release|x86
		{5EDD6D96-15BB-4FCF-BDA2-D6226379981F}.Release|x86.ActiveCfg = Release|x86
		{5EDD6D96-15BB-4FCF-BDA2-D6226379981F}.Release|x86.Build.0 = Release|x86
		{791AC2E7-46BA-4C41-BF11-5B936CC78E31}.Debug|Any CPU.ActiveCfg = Debug|Any CPU
		{791AC2E7-46BA-4C41-BF11-5B936CC78E31}.Debug|Any CPU.Build.0 = Debug|Any CPU
		{791AC2E7-46BA-4C41-BF11-5B936CC78E31}.Debug|Mixed Platforms.ActiveCfg = Debug|x86
		{791AC2E7-46BA-4C41-BF11-5B936CC78E31}.Debug|Mixed Platforms.Build.0 = Debug|x86
		{791AC2E7-46BA-4C41-BF11-5B936CC78E31}.Debug|x86.ActiveCfg = Debug|x86
		{791AC2E7-46BA-4C41-BF11-5B936CC78E31}.Debug|x86.Build.0 = Debug|x86
		{791AC2E7-46BA-4C41-BF11-5B936CC78E31}.Release|Any CPU.ActiveCfg = Release|Any CPU
		{791AC2E7-46BA-4C41-BF11-5B936CC78E31}.Release|Any CPU.Build.0 = Release|Any CPU
		{791AC2E7-46BA-4C41-BF11-5B936CC78E31}.Release|Mixed Platforms.ActiveCfg = Release|x86
		{791AC2E7-46BA-4C41-BF11-5B936CC78E31}.Release|Mixed Platforms.Build.0 = Release|x86
		{791AC2E7-46BA-4C41-BF11-5B936CC78E31}.Release|x86.ActiveCfg = Release|x86
		{791AC2E7-46BA-4C41-BF11-5B936CC78E31}.Release|x86.Build.0 = Release|x86
		{3CDBCF51-6C67-4908-B3AD-ED2EFA8B9CBB}.Debug|Any CPU.ActiveCfg = Debug|Any CPU
		{3CDBCF51-6C67-4908-B3AD-ED2EFA8B9CBB}.Debug|Any CPU.Build.0 = Debug|Any CPU
		{3CDBCF51-6C67-4908-B3AD-ED2EFA8B9CBB}.Debug|Mixed Platforms.ActiveCfg = Debug|x86
		{3CDBCF51-6C67-4908-B3AD-ED2EFA8B9CBB}.Debug|Mixed Platforms.Build.0 = Debug|x86
		{3CDBCF51-6C67-4908-B3AD-ED2EFA8B9CBB}.Debug|x86.ActiveCfg = Debug|x86
		{3CDBCF51-6C67-4908-B3AD-ED2EFA8B9CBB}.Debug|x86.Build.0 = Debug|x86
		{3CDBCF51-6C67-4908-B3AD-ED2EFA8B9CBB}.Release|Any CPU.ActiveCfg = Release|Any CPU
		{3CDBCF51-6C67-4908-B3AD-ED2EFA8B9CBB}.Release|Any CPU.Build.0 = Release|Any CPU
		{3CDBCF51-6C67-4908-B3AD-ED2EFA8B9CBB}.Release|Mixed Platforms.ActiveCfg = Release|x86
		{3CDBCF51-6C67-4908-B3AD-ED2EFA8B9CBB}.Release|Mixed Platforms.Build.0 = Release|x86
		{3CDBCF51-6C67-4908-B3AD-ED2EFA8B9CBB}.Release|x86.ActiveCfg = Release|x86
		{3CDBCF51-6C67-4908-B3AD-ED2EFA8B9CBB}.Release|x86.Build.0 = Release|x86
		{3655F694-C618-496E-9F7B-3AB0C4976A6D}.Debug|Any CPU.ActiveCfg = Debug|Any CPU
		{3655F694-C618-496E-9F7B-3AB0C4976A6D}.Debug|Any CPU.Build.0 = Debug|Any CPU
		{3655F694-C618-496E-9F7B-3AB0C4976A6D}.Debug|Mixed Platforms.ActiveCfg = Debug|x86
		{3655F694-C618-496E-9F7B-3AB0C4976A6D}.Debug|Mixed Platforms.Build.0 = Debug|x86
		{3655F694-C618-496E-9F7B-3AB0C4976A6D}.Debug|x86.ActiveCfg = Debug|x86
		{3655F694-C618-496E-9F7B-3AB0C4976A6D}.Debug|x86.Build.0 = Debug|x86
		{3655F694-C618-496E-9F7B-3AB0C4976A6D}.Release|Any CPU.ActiveCfg = Release|Any CPU
		{3655F694-C618-496E-9F7B-3AB0C4976A6D}.Release|Any CPU.Build.0 = Release|Any CPU
		{3655F694-C618-496E-9F7B-3AB0C4976A6D}.Release|Mixed Platforms.ActiveCfg = Release|x86
		{3655F694-C618-496E-9F7B-3AB0C4976A6D}.Release|Mixed Platforms.Build.0 = Release|x86
		{3655F694-C618-496E-9F7B-3AB0C4976A6D}.Release|x86.ActiveCfg = Release|x86
		{3655F694-C618-496E-9F7B-3AB0C4976A6D}.Release|x86.Build.0 = Release|x86
		{862829E8-3B97-4EA5-B7DB-3113D14765FF}.Debug|Any CPU.ActiveCfg = Debug|Any CPU
		{862829E8-3B97-4EA5-B7DB-3113D14765FF}.Debug|Any CPU.Build.0 = Debug|Any CPU
		{862829E8-3B97-4EA5-B7DB-3113D14765FF}.Debug|Mixed Platforms.ActiveCfg = Debug|x86
		{862829E8-3B97-4EA5-B7DB-3113D14765FF}.Debug|Mixed Platforms.Build.0 = Debug|x86
		{862829E8-3B97-4EA5-B7DB-3113D14765FF}.Debug|x86.ActiveCfg = Debug|x86
		{862829E8-3B97-4EA5-B7DB-3113D14765FF}.Debug|x86.Build.0 = Debug|x86
		{862829E8-3B97-4EA5-B7DB-3113D14765FF}.Release|Any CPU.ActiveCfg = Release|Any CPU
		{862829E8-3B97-4EA5-B7DB-3113D14765FF}.Release|Any CPU.Build.0 = Release|Any CPU
		{862829E8-3B97-4EA5-B7DB-3113D14765FF}.Release|Mixed Platforms.ActiveCfg = Release|x86
		{862829E8-3B97-4EA5-B7DB-3113D14765FF}.Release|Mixed Platforms.Build.0 = Release|x86
		{862829E8-3B97-4EA5-B7DB-3113D14765FF}.Release|x86.ActiveCfg = Release|x86
		{862829E8-3B97-4EA5-B7DB-3113D14765FF}.Release|x86.Build.0 = Release|x86
		{3DDB4E8A-AB33-46B1-B883-A8EF1F89E252}.Debug|Any CPU.ActiveCfg = Debug|Any CPU
		{3DDB4E8A-AB33-46B1-B883-A8EF1F89E252}.Debug|Any CPU.Build.0 = Debug|Any CPU
		{3DDB4E8A-AB33-46B1-B883-A8EF1F89E252}.Debug|Mixed Platforms.ActiveCfg = Debug|Any CPU
		{3DDB4E8A-AB33-46B1-B883-A8EF1F89E252}.Debug|Mixed Platforms.Build.0 = Debug|Any CPU
		{3DDB4E8A-AB33-46B1-B883-A8EF1F89E252}.Debug|x86.ActiveCfg = Debug|x86
		{3DDB4E8A-AB33-46B1-B883-A8EF1F89E252}.Debug|x86.Build.0 = Debug|x86
		{3DDB4E8A-AB33-46B1-B883-A8EF1F89E252}.Release|Any CPU.ActiveCfg = Release|Any CPU
		{3DDB4E8A-AB33-46B1-B883-A8EF1F89E252}.Release|Any CPU.Build.0 = Release|Any CPU
		{3DDB4E8A-AB33-46B1-B883-A8EF1F89E252}.Release|Mixed Platforms.ActiveCfg = Release|Any CPU
		{3DDB4E8A-AB33-46B1-B883-A8EF1F89E252}.Release|Mixed Platforms.Build.0 = Release|Any CPU
		{3DDB4E8A-AB33-46B1-B883-A8EF1F89E252}.Release|x86.ActiveCfg = Release|x86
		{3DDB4E8A-AB33-46B1-B883-A8EF1F89E252}.Release|x86.Build.0 = Release|x86
		{E89ADD83-7A5E-407B-874D-C3BF1B48A61D}.Debug|Any CPU.ActiveCfg = Debug|Any CPU
		{E89ADD83-7A5E-407B-874D-C3BF1B48A61D}.Debug|Any CPU.Build.0 = Debug|Any CPU
		{E89ADD83-7A5E-407B-874D-C3BF1B48A61D}.Debug|Mixed Platforms.ActiveCfg = Debug|x86
		{E89ADD83-7A5E-407B-874D-C3BF1B48A61D}.Debug|Mixed Platforms.Build.0 = Debug|x86
		{E89ADD83-7A5E-407B-874D-C3BF1B48A61D}.Debug|x86.ActiveCfg = Debug|x86
		{E89ADD83-7A5E-407B-874D-C3BF1B48A61D}.Debug|x86.Build.0 = Debug|x86
		{E89ADD83-7A5E-407B-874D-C3BF1B48A61D}.Release|Any CPU.ActiveCfg = Release|Any CPU
		{E89ADD83-7A5E-407B-874D-C3BF1B48A61D}.Release|Any CPU.Build.0 = Release|Any CPU
		{E89ADD83-7A5E-407B-874D-C3BF1B48A61D}.Release|Mixed Platforms.ActiveCfg = Release|x86
		{E89ADD83-7A5E-407B-874D-C3BF1B48A61D}.Release|Mixed Platforms.Build.0 = Release|x86
		{E89ADD83-7A5E-407B-874D-C3BF1B48A61D}.Release|x86.ActiveCfg = Release|x86
		{E89ADD83-7A5E-407B-874D-C3BF1B48A61D}.Release|x86.Build.0 = Release|x86
	EndGlobalSection
	GlobalSection(SolutionProperties) = preSolution
		HideSolutionNode = FALSE
	EndGlobalSection
EndGlobal
